{
  "version": 1,
  "dependencies": {
    "net6.0": {
      "Allure.Commons": {
        "type": "Direct",
        "requested": "[3.0.0.10, )",
        "resolved": "3.0.0.10",
        "contentHash": "tQp7p8QAjrDe1oMNTO86nGLYTQGCwunXAHy75dOd58PJNtZwD+mu9kDi0+Oadj5qZDEh6i1wG0NGrI1nc78b3g==",
        "dependencies": {
          "MimeTypesMap": "1.0.8",
          "Newtonsoft.Json": "12.0.3"
        }
      },
      "Allure.NUnit": {
        "type": "Direct",
        "requested": "[2.14.1, )",
        "resolved": "2.14.1",
        "contentHash": "RQZDe/ukmKd5LoQqAiz4tHjwg/wZ553hvdhfREQZ/iBkjDv5R+mRcasracQAni7xvJhirVrCdZ9oZtZvlQGsgw==",
        "dependencies": {
          "Allure.Net.Commons": "2.14.1",
          "NUnit": "3.13.3"
        }
      },
      "Appium.WebDriver": {
        "type": "Direct",
        "requested": "[5.0.0, )",
        "resolved": "5.0.0",
        "contentHash": "QurlE0xcnFFqNTAN1Yq0eWOAYRXM4VhpGoSsyfwjuoJaajaIp1vbjdNEy0G7yPpScjny2R4m94ZUMoGqPq/rPA==",
        "dependencies": {
          "Selenium.Support": "4.21.0",
          "Selenium.WebDriver": "4.21.0",
          "System.Drawing.Common": "8.0.6"
        }
      },
      "coverlet.collector": {
        "type": "Direct",
        "requested": "[6.0.0, )",
        "resolved": "6.0.0",
        "contentHash": "tW3lsNS+dAEII6YGUX/VMoJjBS1QvsxqJeqLaJXub08y1FSjasFPtQ4UBUsudE9PNrzLjooClMsPtY2cZLdXpQ=="
      },
      "DotNetSeleniumExtras.WaitHelpers": {
        "type": "Direct",
        "requested": "[3.11.0, )",
        "resolved": "3.11.0",
        "contentHash": "xc6jVVl5ymgk3ZNWnC/KHxkEup1QpnwYbrwF+NQoCOGERsD8YMlLwmsX4lGhLXCLo/YQTRTIwlKCN9E/doGUNg==",
        "dependencies": {
          "Selenium.WebDriver": "3.10.0"
        }
      },
      "Microsoft.NET.Test.Sdk": {
        "type": "Direct",
        "requested": "[17.9.0, )",
        "resolved": "17.9.0",
        "contentHash": "7GUNAUbJYn644jzwLm5BD3a2p9C1dmP8Hr6fDPDxgItQk9hBs1Svdxzz07KQ/UphMSmgza9AbijBJGmw5D658A==",
        "dependencies": {
          "Microsoft.CodeCoverage": "17.9.0",
          "Microsoft.TestPlatform.TestHost": "17.9.0"
        }
      },
      "MSTest.TestAdapter": {
        "type": "Direct",
        "requested": "[3.0.2, )",
        "resolved": "3.0.2",
        "contentHash": "K1hhtevCzbogylmAnCluV/M1/Ajr5EKfxWq3nv+iYxt+gHLN4gSqT6B3tPnNqUbE4aWT1aUHagcRMnARt45NzQ=="
      },
      "MSTest.TestFramework": {
        "type": "Direct",
        "requested": "[3.0.2, )",
        "resolved": "3.0.2",
        "contentHash": "cuCE5PXK0mX0FIfY3yzDNKFqCf2FTxZhdH/Bxg4662MAWZg4TnG3rYsFzNpPECrvn8Ry6lG8TaT2Ltg1NZkC6Q=="
      },
      "Newtonsoft.Json": {
        "type": "Direct",
        "requested": "[13.0.4, )",
        "resolved": "13.0.4",
        "contentHash": "pdgNNMai3zv51W5aq268sujXUyx7SNdE2bj1wZcWjAQrKMFZV260lbqYop1d2GM67JI1huLRwxo9ZqnfF/lC6A=="
      },
      "NUnit": {
        "type": "Direct",
        "requested": "[3.13.3, )",
        "resolved": "3.13.3",
        "contentHash": "KNPDpls6EfHwC3+nnA67fh5wpxeLb3VLFAfLxrug6JMYDLHH6InaQIWR7Sc3y75d/9IKzMksH/gi08W7XWbmnQ==",
        "dependencies": {
          "NETStandard.Library": "2.0.0"
        }
      },
      "NUnit.Analyzers": {
        "type": "Direct",
        "requested": "[3.9.0, )",
        "resolved": "3.9.0",
        "contentHash": "8bGAEljlBnzR+uU8oGQhTVKnbgBw1Mo71qjVkgzHdvtUkiB5XOIDyjAcS4KUo/j+F2Zv/xBUZRkCWXmejx4bfA=="
      },
      "NUnit3TestAdapter": {
        "type": "Direct",
        "requested": "[4.5.0, )",
        "resolved": "4.5.0",
        "contentHash": "s8JpqTe9bI2f49Pfr3dFRfoVSuFQyraTj68c3XXjIS/MRGvvkLnrg6RLqnTjdShX+AdFUCCU/4Xex58AdUfs6A=="
      },
      "Selenium.Support": {
        "type": "Direct",
        "requested": "[4.21.0, )",
        "resolved": "4.21.0",
        "contentHash": "MiDIsB/5Ki1AWua/b9v/eGARtI6bxseAt4EOl2fgl7WsoXlV7Zzq5/gGJ7Zs9PLvJUQMbS6WSNWuMdeSr1SXdA==",
        "dependencies": {
          "Selenium.WebDriver": "4.21.0"
        }
      },
      "Selenium.WebDriver": {
        "type": "Direct",
        "requested": "[4.21.0, )",
        "resolved": "4.21.0",
        "contentHash": "3xIx4CJunIoLEOROfDKILIzf76WfphTpQJYE98stG1GBVBKhFO5E6wXNfCqdiWt34iNlckcDr3z+qCD+RPfuUQ==",
        "dependencies": {
          "Newtonsoft.Json": "13.0.1"
        }
      },
      "Selenium.WebDriver.ChromeDriver": {
        "type": "Direct",
        "requested": "[118.0.5993.7000, )",
        "resolved": "118.0.5993.7000",
        "contentHash": "P+oMf57Rbt2mKr3k2OFijtg+Vm3xHYe147LWQLqB0aumjKuWxoZVZw1+K7rr9KqdGe646kvIVjtQH0+eheCawA=="
      },
      "Allure.Net.Commons": {
        "type": "Transitive",
        "resolved": "2.14.1",
        "contentHash": "n3IOOzS91SYIPtjkhagiOURqP0o0AH2Y3tsvNGOw37dpZlzDcl/I55GHAvQkkyFvahrdoNdAVcT7buB/ai1jhg==",
        "dependencies": {
          "AspectInjector": "2.8.1",
          "MimeTypesMap": "1.0.9",
          "Newtonsoft.Json": "13.0.4",
          "System.Collections.Immutable": "5.0.0"
        }
      },
      "AspectInjector": {
        "type": "Transitive",
        "resolved": "2.8.1",
        "contentHash": "8BScDeaLazJVFaa2Tt9hoWLhllnxXP3Sew+l/vktdZEcgoPOsqhlDqe6GXJvy7xVkdICAbKFsrcDJ0cfrDR6Mg=="
      },
      "Microsoft.CodeCoverage": {
        "type": "Transitive",
        "resolved": "17.9.0",
        "contentHash": "RGD37ZSrratfScYXm7M0HjvxMxZyWZL4jm+XgMZbkIY1UPgjUpbNA/t+WTGj/rC/0Hm9A3IrH3ywbKZkOCnoZA=="
      },
      "Microsoft.NETCore.Platforms": {
        "type": "Transitive",
        "resolved": "1.1.0",
        "contentHash": "kz0PEW2lhqygehI/d6XsPCQzD7ff7gUJaVGPVETX611eadGsA3A877GdSlU0LRVMCTH/+P3o2iDTak+S08V2+A=="
      },
      "Microsoft.TestPlatform.ObjectModel": {
        "type": "Transitive",
        "resolved": "17.9.0",
        "contentHash": "1ilw/8vgmjLyKU+2SKXKXaOqpYFJCQfGqGz+x0cosl981VzjrY74Sv6qAJv+neZMZ9ZMxF3ArN6kotaQ4uvEBw==",
        "dependencies": {
          "System.Reflection.Metadata": "1.6.0"
        }
      },
      "Microsoft.TestPlatform.TestHost": {
        "type": "Transitive",
        "resolved": "17.9.0",
        "contentHash": "Spmg7Wx49Ya3SxBjyeAR+nQpjMTKZwTwpZ7KyeOTIqI/WHNPnBU4HUvl5kuHPQAwGWqMy4FGZja1HvEwvoaDiA==",
        "dependencies": {
          "Microsoft.TestPlatform.ObjectModel": "17.9.0",
          "Newtonsoft.Json": "13.0.1"
        }
      },
      "Microsoft.Win32.SystemEvents": {
        "type": "Transitive",
        "resolved": "8.0.0",
        "contentHash": "9opKRyOKMCi2xJ7Bj7kxtZ1r9vbzosMvRrdEhVhDz8j8MoBGgB+WmC94yH839NPH+BclAjtQ/pyagvi/8gDLkw=="
      },
      "MimeTypesMap": {
        "type": "Transitive",
        "resolved": "1.0.9",
        "contentHash": "M0TuSCwL1a8QV0VKw8ysY4AIs6v/Aor3N7GXQeqgNlAvqjx9Kj9KxNd09Pg5RzpY1tCOU8mkrfYBi1Lxwj8quQ=="
      },
      "NETStandard.Library": {
        "type": "Transitive",
        "resolved": "2.0.0",
        "contentHash": "7jnbRU+L08FXKMxqUflxEXtVymWvNOrS8yHgu9s6EM8Anr6T/wIX4nZ08j/u3Asz+tCufp3YVwFSEvFTPYmBPA==",
        "dependencies": {
          "Microsoft.NETCore.Platforms": "1.1.0"
        }
      },
      "System.Collections.Immutable": {
        "type": "Transitive",
        "resolved": "5.0.0",
        "contentHash": "FXkLXiK0sVVewcso0imKQoOxjoPAj42R8HtjjbSjVPAzwDfzoyoznWxgA3c38LDbN9SJux1xXoXYAhz98j7r2g=="
      },
      "System.Drawing.Common": {
        "type": "Transitive",
        "resolved": "8.0.6",
        "contentHash": "aSwRnJzz6fZ73JvWMMG0KvBwOnXsBTFtfHLriQyAPrDIZ+NrDfl15GWbO/A35k0dtH77D7jfxzEcFF7RONtU/w==",
        "dependencies": {
          "Microsoft.Win32.SystemEvents": "8.0.0"
        }
      },
      "System.Reflection.Metadata": {
        "type": "Transitive",
        "resolved": "1.6.0",
        "contentHash": "COC1aiAJjCoA5GBF+QKL2uLqEBew4JsCkQmoHKbN3TlOZKa2fKLz5CpiRQKDz0RsAOEGsVKqOD5bomsXq/4STQ=="
      }
    }
  }
}